// !$*UTF8*$!
{
	archiveVersion = 1;
	classes = {
	};
	objectVersion = 46;
	objects = {

/* Begin PBXBuildFile section */
		E184053723B7AB32007B9A4A /* main.m in Sources */ = {isa = PBXBuildFile; fileRef = E184053623B7AB32007B9A4A /* main.m */; };
		E184053A23B7AB32007B9A4A /* AppDelegate.m in Sources */ = {isa = PBXBuildFile; fileRef = E184053923B7AB32007B9A4A /* AppDelegate.m */; };
		E184053D23B7AB32007B9A4A /* ViewController.m in Sources */ = {isa = PBXBuildFile; fileRef = E184053C23B7AB32007B9A4A /* ViewController.m */; };
		E184054023B7AB33007B9A4A /* Main.storyboard in Resources */ = {isa = PBXBuildFile; fileRef = E184053E23B7AB33007B9A4A /* Main.storyboard */; };
		E184054223B7AB33007B9A4A /* Assets.xcassets in Resources */ = {isa = PBXBuildFile; fileRef = E184054123B7AB33007B9A4A /* Assets.xcassets */; };
		E184054523B7AB33007B9A4A /* LaunchScreen.storyboard in Resources */ = {isa = PBXBuildFile; fileRef = E184054323B7AB33007B9A4A /* LaunchScreen.storyboard */; };
		E184055023B7AB33007B9A4A /* Sorting1Tests.m in Sources */ = {isa = PBXBuildFile; fileRef = E184054F23B7AB33007B9A4A /* Sorting1Tests.m */; };
		E184055B23B7AB33007B9A4A /* Sorting1UITests.m in Sources */ = {isa = PBXBuildFile; fileRef = E184055A23B7AB33007B9A4A /* Sorting1UITests.m */; };
/* End PBXBuildFile section */

/* Begin PBXContainerItemProxy section */
		E184054C23B7AB33007B9A4A /* PBXContainerItemProxy */ = {
			isa = PBXContainerItemProxy;
			containerPortal = E184052A23B7AB32007B9A4A /* Project object */;
			proxyType = 1;
			remoteGlobalIDString = E184053123B7AB32007B9A4A;
			remoteInfo = Sorting1;
		};
		E184055723B7AB33007B9A4A /* PBXContainerItemProxy */ = {
			isa = PBXContainerItemProxy;
			containerPortal = E184052A23B7AB32007B9A4A /* Project object */;
			proxyType = 1;
			remoteGlobalIDString = E184053123B7AB32007B9A4A;
			remoteInfo = Sorting1;
		};
/* End PBXContainerItemProxy section */

/* Begin PBXFileReference section */
		E184053223B7AB32007B9A4A /* Sorting1.app */ = {isa = PBXFileReference; explicitFileType = wrapper.application; includeInIndex = 0; path = Sorting1.app; sourceTree = BUILT_PRODUCTS_DIR; };
		E184053623B7AB32007B9A4A /* main.m */ = {isa = PBXFileReference; lastKnownFileType = sourcecode.c.objc; path = main.m; sourceTree = "<group>"; };
		E184053823B7AB32007B9A4A /* AppDelegate.h */ = {isa = PBXFileReference; lastKnownFileType = sourcecode.c.h; path = AppDelegate.h; sourceTree = "<group>"; };
		E184053923B7AB32007B9A4A /* AppDelegate.m */ = {isa = PBXFileReference; lastKnownFileType = sourcecode.c.objc; path = AppDelegate.m; sourceTree = "<group>"; };
		E184053B23B7AB32007B9A4A /* ViewController.h */ = {isa = PBXFileReference; lastKnownFileType = sourcecode.c.h; path = ViewController.h; sourceTree = "<group>"; };
		E184053C23B7AB32007B9A4A /* ViewController.m */ = {isa = PBXFileReference; lastKnownFileType = sourcecode.c.objc; path = ViewController.m; sourceTree = "<group>"; };
		E184053F23B7AB33007B9A4A /* Base */ = {isa = PBXFileReference; lastKnownFileType = file.storyboard; name = Base; path = Base.lproj/Main.storyboard; sourceTree = "<group>"; };
		E184054123B7AB33007B9A4A /* Assets.xcassets */ = {isa = PBXFileReference; lastKnownFileType = folder.assetcatalog; path = Assets.xcassets; sourceTree = "<group>"; };
		E184054423B7AB33007B9A4A /* Base */ = {isa = PBXFileReference; lastKnownFileType = file.storyboard; name = Base; path = Base.lproj/LaunchScreen.storyboard; sourceTree = "<group>"; };
		E184054623B7AB33007B9A4A /* Info.plist */ = {isa = PBXFileReference; lastKnownFileType = text.plist.xml; path = Info.plist; sourceTree = "<group>"; };
		E184054B23B7AB33007B9A4A /* Sorting1Tests.xctest */ = {isa = PBXFileReference; explicitFileType = wrapper.cfbundle; includeInIndex = 0; path = Sorting1Tests.xctest; sourceTree = BUILT_PRODUCTS_DIR; };
		E184054F23B7AB33007B9A4A /* Sorting1Tests.m */ = {isa = PBXFileReference; lastKnownFileType = sourcecode.c.objc; path = Sorting1Tests.m; sourceTree = "<group>"; };
		E184055123B7AB33007B9A4A /* Info.plist */ = {isa = PBXFileReference; lastKnownFileType = text.plist.xml; path = Info.plist; sourceTree = "<group>"; };
		E184055623B7AB33007B9A4A /* Sorting1UITests.xctest */ = {isa = PBXFileReference; explicitFileType = wrapper.cfbundle; includeInIndex = 0; path = Sorting1UITests.xctest; sourceTree = BUILT_PRODUCTS_DIR; };
		E184055A23B7AB33007B9A4A /* Sorting1UITests.m */ = {isa = PBXFileReference; lastKnownFileType = sourcecode.c.objc; path = Sorting1UITests.m; sourceTree = "<group>"; };
		E184055C23B7AB33007B9A4A /* Info.plist */ = {isa = PBXFileReference; lastKnownFileType = text.plist.xml; path = Info.plist; sourceTree = "<group>"; };
/* End PBXFileReference section */

/* Begin PBXFrameworksBuildPhase section */
		E184052F23B7AB32007B9A4A /* Frameworks */ = {
			isa = PBXFrameworksBuildPhase;
			buildActionMask = 2147483647;
			files = (
			);
			runOnlyForDeploymentPostprocessing = 0;
		};
		E184054823B7AB33007B9A4A /* Frameworks */ = {
			isa = PBXFrameworksBuildPhase;
			buildActionMask = 2147483647;
			files = (
			);
			runOnlyForDeploymentPostprocessing = 0;
		};
		E184055323B7AB33007B9A4A /* Frameworks */ = {
			isa = PBXFrameworksBuildPhase;
			buildActionMask = 2147483647;
			files = (
			);
			runOnlyForDeploymentPostprocessing = 0;
		};
/* End PBXFrameworksBuildPhase section */

/* Begin PBXGroup section */
		E184052923B7AB32007B9A4A = {
			isa = PBXGroup;
			children = (
				E184053423B7AB32007B9A4A /* Sorting1 */,
				E184054E23B7AB33007B9A4A /* Sorting1Tests */,
				E184055923B7AB33007B9A4A /* Sorting1UITests */,
				E184053323B7AB32007B9A4A /* Products */,
			);
			sourceTree = "<group>";
		};
		E184053323B7AB32007B9A4A /* Products */ = {
			isa = PBXGroup;
			children = (
				E184053223B7AB32007B9A4A /* Sorting1.app */,
				E184054B23B7AB33007B9A4A /* Sorting1Tests.xctest */,
				E184055623B7AB33007B9A4A /* Sorting1UITests.xctest */,
			);
			name = Products;
			sourceTree = "<group>";
		};
		E184053423B7AB32007B9A4A /* Sorting1 */ = {
			isa = PBXGroup;
			children = (
				E184053823B7AB32007B9A4A /* AppDelegate.h */,
				E184053923B7AB32007B9A4A /* AppDelegate.m */,
				E184053B23B7AB32007B9A4A /* ViewController.h */,
				E184053C23B7AB32007B9A4A /* ViewController.m */,
				E184053E23B7AB33007B9A4A /* Main.storyboard */,
				E184054123B7AB33007B9A4A /* Assets.xcassets */,
				E184054323B7AB33007B9A4A /* LaunchScreen.storyboard */,
				E184054623B7AB33007B9A4A /* Info.plist */,
				E184053523B7AB32007B9A4A /* Supporting Files */,
			);
			path = Sorting1;
			sourceTree = "<group>";
		};
		E184053523B7AB32007B9A4A /* Supporting Files */ = {
			isa = PBXGroup;
			children = (
				E184053623B7AB32007B9A4A /* main.m */,
			);
			name = "Supporting Files";
			sourceTree = "<group>";
		};
		E184054E23B7AB33007B9A4A /* Sorting1Tests */ = {
			isa = PBXGroup;
			children = (
				E184054F23B7AB33007B9A4A /* Sorting1Tests.m */,
				E184055123B7AB33007B9A4A /* Info.plist */,
			);
			path = Sorting1Tests;
			sourceTree = "<group>";
		};
		E184055923B7AB33007B9A4A /* Sorting1UITests */ = {
			isa = PBXGroup;
			children = (
				E184055A23B7AB33007B9A4A /* Sorting1UITests.m */,
				E184055C23B7AB33007B9A4A /* Info.plist */,
			);
			path = Sorting1UITests;
			sourceTree = "<group>";
		};
/* End PBXGroup section */

/* Begin PBXNativeTarget section */
		E184053123B7AB32007B9A4A /* Sorting1 */ = {
			isa = PBXNativeTarget;
			buildConfigurationList = E184055F23B7AB33007B9A4A /* Build configuration list for PBXNativeTarget "Sorting1" */;
			buildPhases = (
				E184052E23B7AB32007B9A4A /* Sources */,
				E184052F23B7AB32007B9A4A /* Frameworks */,
				E184053023B7AB32007B9A4A /* Resources */,
			);
			buildRules = (
			);
			dependencies = (
			);
			name = Sorting1;
			productName = Sorting1;
			productReference = E184053223B7AB32007B9A4A /* Sorting1.app */;
			productType = "com.apple.product-type.application";
		};
		E184054A23B7AB33007B9A4A /* Sorting1Tests */ = {
			isa = PBXNativeTarget;
			buildConfigurationList = E184056223B7AB33007B9A4A /* Build configuration list for PBXNativeTarget "Sorting1Tests" */;
			buildPhases = (
				E184054723B7AB33007B9A4A /* Sources */,
				E184054823B7AB33007B9A4A /* Frameworks */,
				E184054923B7AB33007B9A4A /* Resources */,
			);
			buildRules = (
			);
			dependencies = (
				E184054D23B7AB33007B9A4A /* PBXTargetDependency */,
			);
			name = Sorting1Tests;
			productName = Sorting1Tests;
			productReference = E184054B23B7AB33007B9A4A /* Sorting1Tests.xctest */;
			productType = "com.apple.product-type.bundle.unit-test";
		};
		E184055523B7AB33007B9A4A /* Sorting1UITests */ = {
			isa = PBXNativeTarget;
			buildConfigurationList = E184056523B7AB33007B9A4A /* Build configuration list for PBXNativeTarget "Sorting1UITests" */;
			buildPhases = (
				E184055223B7AB33007B9A4A /* Sources */,
				E184055323B7AB33007B9A4A /* Frameworks */,
				E184055423B7AB33007B9A4A /* Resources */,
			);
			buildRules = (
			);
			dependencies = (
				E184055823B7AB33007B9A4A /* PBXTargetDependency */,
			);
			name = Sorting1UITests;
			productName = Sorting1UITests;
			productReference = E184055623B7AB33007B9A4A /* Sorting1UITests.xctest */;
			productType = "com.apple.product-type.bundle.ui-testing";
		};
/* End PBXNativeTarget section */

/* Begin PBXProject section */
		E184052A23B7AB32007B9A4A /* Project object */ = {
			isa = PBXProject;
			attributes = {
				LastUpgradeCheck = 0820;
				ORGANIZATIONNAME = "Adrian Poplesanu";
				TargetAttributes = {
					E184053123B7AB32007B9A4A = {
						CreatedOnToolsVersion = 8.2.1;
						ProvisioningStyle = Automatic;
					};
					E184054A23B7AB33007B9A4A = {
						CreatedOnToolsVersion = 8.2.1;
						ProvisioningStyle = Automatic;
						TestTargetID = E184053123B7AB32007B9A4A;
					};
					E184055523B7AB33007B9A4A = {
						CreatedOnToolsVersion = 8.2.1;
						ProvisioningStyle = Automatic;
						TestTargetID = E184053123B7AB32007B9A4A;
					};
				};
			};
			buildConfigurationList = E184052D23B7AB32007B9A4A /* Build configuration list for PBXProject "Sorting1" */;
			compatibilityVersion = "Xcode 3.2";
			developmentRegion = English;
			hasScannedForEncodings = 0;
			knownRegions = (
				en,
				Base,
			);
			mainGroup = E184052923B7AB32007B9A4A;
			productRefGroup = E184053323B7AB32007B9A4A /* Products */;
			projectDirPath = "";
			projectRoot = "";
			targets = (
				E184053123B7AB32007B9A4A /* Sorting1 */,
				E184054A23B7AB33007B9A4A /* Sorting1Tests */,
				E184055523B7AB33007B9A4A /* Sorting1UITests */,
			);
		};
/* End PBXProject section */

/* Begin PBXResourcesBuildPhase section */
		E184053023B7AB32007B9A4A /* Resources */ = {
			isa = PBXResourcesBuildPhase;
			buildActionMask = 2147483647;
			files = (
				E184054523B7AB33007B9A4A /* LaunchScreen.storyboard in Resources */,
				E184054223B7AB33007B9A4A /* Assets.xcassets in Resources */,
				E184054023B7AB33007B9A4A /* Main.storyboard in Resources */,
			);
			runOnlyForDeploymentPostprocessing = 0;
		};
		E184054923B7AB33007B9A4A /* Resources */ = {
			isa = PBXResourcesBuildPhase;
			buildActionMask = 2147483647;
			files = (
			);
			runOnlyForDeploymentPostprocessing = 0;
		};
		E184055423B7AB33007B9A4A /* Resources */ = {
			isa = PBXResourcesBuildPhase;
			buildActionMask = 2147483647;
			files = (
			);
			runOnlyForDeploymentPostprocessing = 0;
		};
/* End PBXResourcesBuildPhase section */

/* Begin PBXSourcesBuildPhase section */
		E184052E23B7AB32007B9A4A /* Sources */ = {
			isa = PBXSourcesBuildPhase;
			buildActionMask = 2147483647;
			files = (
				E184053D23B7AB32007B9A4A /* ViewController.m in Sources */,
				E184053A23B7AB32007B9A4A /* AppDelegate.m in Sources */,
				E184053723B7AB32007B9A4A /* main.m in Sources */,
			);
			runOnlyForDeploymentPostprocessing = 0;
		};
		E184054723B7AB33007B9A4A /* Sources */ = {
			isa = PBXSourcesBuildPhase;
			buildActionMask = 2147483647;
			files = (
				E184055023B7AB33007B9A4A /* Sorting1Tests.m in Sources */,
			);
			runOnlyForDeploymentPostprocessing = 0;
		};
		E184055223B7AB33007B9A4A /* Sources */ = {
			isa = PBXSourcesBuildPhase;
			buildActionMask = 2147483647;
			files = (
				E184055B23B7AB33007B9A4A /* Sorting1UITests.m in Sources */,
			);
			runOnlyForDeploymentPostprocessing = 0;
		};
/* End PBXSourcesBuildPhase section */

/* Begin PBXTargetDependency section */
		E184054D23B7AB33007B9A4A /* PBXTargetDependency */ = {
			isa = PBXTargetDependency;
			target = E184053123B7AB32007B9A4A /* Sorting1 */;
			targetProxy = E184054C23B7AB33007B9A4A /* PBXContainerItemProxy */;
		};
		E184055823B7AB33007B9A4A /* PBXTargetDependency */ = {
			isa = PBXTargetDependency;
			target = E184053123B7AB32007B9A4A /* Sorting1 */;
			targetProxy = E184055723B7AB33007B9A4A /* PBXContainerItemProxy */;
		};
/* End PBXTargetDependency section */

/* Begin PBXVariantGroup section */
		E184053E23B7AB33007B9A4A /* Main.storyboard */ = {
			isa = PBXVariantGroup;
			children = (
				E184053F23B7AB33007B9A4A /* Base */,
			);
			name = Main.storyboard;
			sourceTree = "<group>";
		};
		E184054323B7AB33007B9A4A /* LaunchScreen.storyboard */ = {
			isa = PBXVariantGroup;
			children = (
				E184054423B7AB33007B9A4A /* Base */,
			);
			name = LaunchScreen.storyboard;
			sourceTree = "<group>";
		};
/* End PBXVariantGroup section */

/* Begin XCBuildConfiguration section */
		E184055D23B7AB33007B9A4A /* Debug */ = {
			isa = XCBuildConfiguration;
			buildSettings = {
				ALWAYS_SEARCH_USER_PATHS = NO;
				CLANG_ANALYZER_NONNULL = YES;
				CLANG_CXX_LANGUAGE_STANDARD = "gnu++0x";
				CLANG_CXX_LIBRARY = "libc++";
				CLANG_ENABLE_MODULES = YES;
				CLANG_ENABLE_OBJC_ARC = YES;
				CLANG_WARN_BOOL_CONVERSION = YES;
				CLANG_WARN_CONSTANT_CONVERSION = YES;
				CLANG_WARN_DIRECT_OBJC_ISA_USAGE = YES_ERROR;
				CLANG_WARN_DOCUMENTATION_COMMENTS = YES;
				CLANG_WARN_EMPTY_BODY = YES;
				CLANG_WARN_ENUM_CONVERSION = YES;
				CLANG_WARN_INFINITE_RECURSION = YES;
				CLANG_WARN_INT_CONVERSION = YES;
				CLANG_WARN_OBJC_ROOT_CLASS = YES_ERROR;
				CLANG_WARN_SUSPICIOUS_MOVE = YES;
				CLANG_WARN_UNREACHABLE_CODE = YES;
				CLANG_WARN__DUPLICATE_METHOD_MATCH = YES;
				"CODE_SIGN_IDENTITY[sdk=iphoneos*]" = "iPhone Developer";
				COPY_PHASE_STRIP = NO;
				DEBUG_INFORMATION_FORMAT = dwarf;
				ENABLE_STRICT_OBJC_MSGSEND = YES;
				ENABLE_TESTABILITY = YES;
				GCC_C_LANGUAGE_STANDARD = gnu99;
				GCC_DYNAMIC_NO_PIC = NO;
				GCC_NO_COMMON_BLOCKS = YES;
				GCC_OPTIMIZATION_LEVEL = 0;
				GCC_PREPROCESSOR_DEFINITIONS = (
					"DEBUG=1",
					"$(inherited)",
				);
				GCC_WARN_64_TO_32_BIT_CONVERSION = YES;
				GCC_WARN_ABOUT_RETURN_TYPE = YES_ERROR;
				GCC_WARN_UNDECLARED_SELECTOR = YES;
				GCC_WARN_UNINITIALIZED_AUTOS = YES_AGGRESSIVE;
				GCC_WARN_UNUSED_FUNCTION = YES;
				GCC_WARN_UNUSED_VARIABLE = YES;
				IPHONEOS_DEPLOYMENT_TARGET = 10.2;
				MTL_ENABLE_DEBUG_INFO = YES;
				ONLY_ACTIVE_ARCH = YES;
				SDKROOT = iphoneos;
				TARGETED_DEVICE_FAMILY = "1,2";
			};
			name = Debug;
		};
		E184055E23B7AB33007B9A4A /* Release */ = {
			isa = XCBuildConfiguration;
			buildSettings = {
				ALWAYS_SEARCH_USER_PATHS = NO;
				CLANG_ANALYZER_NONNULL = YES;
				CLANG_CXX_LANGUAGE_STANDARD = "gnu++0x";
				CLANG_CXX_LIBRARY = "libc++";
				CLANG_ENABLE_MODULES = YES;
				CLANG_ENABLE_OBJC_ARC = YES;
				CLANG_WARN_BOOL_CONVERSION = YES;
				CLANG_WARN_CONSTANT_CONVERSION = YES;
				CLANG_WARN_DIRECT_OBJC_ISA_USAGE = YES_ERROR;
				CLANG_WARN_DOCUMENTATION_COMMENTS = YES;
				CLANG_WARN_EMPTY_BODY = YES;
				CLANG_WARN_ENUM_CONVERSION = YES;
				CLANG_WARN_INFINITE_RECURSION = YES;
				CLANG_WARN_INT_CONVERSION = YES;
				CLANG_WARN_OBJC_ROOT_CLASS = YES_ERROR;
				CLANG_WARN_SUSPICIOUS_MOVE = YES;
				CLANG_WARN_UNREACHABLE_CODE = YES;
				CLANG_WARN__DUPLICATE_METHOD_MATCH = YES;
				"CODE_SIGN_IDENTITY[sdk=iphoneos*]" = "iPhone Developer";
				COPY_PHASE_STRIP = NO;
				DEBUG_INFORMATION_FORMAT = "dwarf-with-dsym";
				ENABLE_NS_ASSERTIONS = NO;
				ENABLE_STRICT_OBJC_MSGSEND = YES;
				GCC_C_LANGUAGE_STANDARD = gnu99;
				GCC_NO_COMMON_BLOCKS = YES;
				GCC_WARN_64_TO_32_BIT_CONVERSION = YES;
				GCC_WARN_ABOUT_RETURN_TYPE = YES_ERROR;
				GCC_WARN_UNDECLARED_SELECTOR = YES;
				GCC_WARN_UNINITIALIZED_AUTOS = YES_AGGRESSIVE;
				GCC_WARN_UNUSED_FUNCTION = YES;
				GCC_WARN_UNUSED_VARIABLE = YES;
				IPHONEOS_DEPLOYMENT_TARGET = 10.2;
				MTL_ENABLE_DEBUG_INFO = NO;
				SDKROOT = iphoneos;
				TARGETED_DEVICE_FAMILY = "1,2";
				VALIDATE_PRODUCT = YES;
			};
			name = Release;
		};
		E184056023B7AB33007B9A4A /* Debug */ = {
			isa = XCBuildConfiguration;
			buildSettings = {
				ASSETCATALOG_COMPILER_APPICON_NAME = AppIcon;
				INFOPLIST_FILE = Sorting1/Info.plist;
				LD_RUNPATH_SEARCH_PATHS = "$(inherited) @executable_path/Frameworks";
				PRODUCT_BUNDLE_IDENTIFIER = adi.Sorting1;
				PRODUCT_NAME = "$(TARGET_NAME)";
			};
			name = Debug;
		};
		E184056123B7AB33007B9A4A /* Release */ = {
			isa = XCBuildConfiguration;
			buildSettings = {
				ASSETCATALOG_COMPILER_APPICON_NAME = AppIcon;
				INFOPLIST_FILE = Sorting1/Info.plist;
				LD_RUNPATH_SEARCH_PATHS = "$(inherited) @executable_path/Frameworks";
				PRODUCT_BUNDLE_IDENTIFIER = adi.Sorting1;
				PRODUCT_NAME = "$(TARGET_NAME)";
			};
			name = Release;
		};
		E184056323B7AB33007B9A4A /* Debug */ = {
			isa = XCBuildConfiguration;
			buildSettings = {
				BUNDLE_LOADER = "$(TEST_HOST)";
				INFOPLIST_FILE = Sorting1Tests/Info.plist;
				LD_RUNPATH_SEARCH_PATHS = "$(inherited) @executable_path/Frameworks @loader_path/Frameworks";
				PRODUCT_BUNDLE_IDENTIFIER = adi.Sorting1Tests;
				PRODUCT_NAME = "$(TARGET_NAME)";
				TEST_HOST = "$(BUILT_PRODUCTS_DIR)/Sorting1.app/Sorting1";
			};
			name = Debug;
		};
		E184056423B7AB33007B9A4A /* Release */ = {
			isa = XCBuildConfiguration;
			buildSettings = {
				BUNDLE_LOADER = "$(TEST_HOST)";
				INFOPLIST_FILE = Sorting1Tests/Info.plist;
				LD_RUNPATH_SEARCH_PATHS = "$(inherited) @executable_path/Frameworks @loader_path/Frameworks";
				PRODUCT_BUNDLE_IDENTIFIER = adi.Sorting1Tests;
				PRODUCT_NAME = "$(TARGET_NAME)";
				TEST_HOST = "$(BUILT_PRODUCTS_DIR)/Sorting1.app/Sorting1";
			};
			name = Release;
		};
		E184056623B7AB33007B9A4A /* Debug */ = {
			isa = XCBuildConfiguration;
			buildSettings = {
				INFOPLIST_FILE = Sorting1UITests/Info.plist;
				LD_RUNPATH_SEARCH_PATHS = "$(inherited) @executable_path/Frameworks @loader_path/Frameworks";
				PRODUCT_BUNDLE_IDENTIFIER = adi.Sorting1UITests;
				PRODUCT_NAME = "$(TARGET_NAME)";
				TEST_TARGET_NAME = Sorting1;
			};
			name = Debug;
		};
		E184056723B7AB33007B9A4A /* Release */ = {
			isa = XCBuildConfiguration;
			buildSettings = {
				INFOPLIST_FILE = Sorting1UITests/Info.plist;
				LD_RUNPATH_SEARCH_PATHS = "$(inherited) @executable_path/Frameworks @loader_path/Frameworks";
				PRODUCT_BUNDLE_IDENTIFIER = adi.Sorting1UITests;
				PRODUCT_NAME = "$(TARGET_NAME)";
				TEST_TARGET_NAME = Sorting1;
			};
			name = Release;
		};
/* End XCBuildConfiguration section */

/* Begin XCConfigurationList section */
		E184052D23B7AB32007B9A4A /* Build configuration list for PBXProject "Sorting1" */ = {
			isa = XCConfigurationList;
			buildConfigurations = (
				E184055D23B7AB33007B9A4A /* Debug */,
				E184055E23B7AB33007B9A4A /* Release */,
			);
			defaultConfigurationIsVisible = 0;
			defaultConfigurationName = Release;
		};
		E184055F23B7AB33007B9A4A /* Build configuration list for PBXNativeTarget "Sorting1" */ = {
			isa = XCConfigurationList;
			buildConfigurations = (
				E184056023B7AB33007B9A4A /* Debug */,
				E184056123B7AB33007B9A4A /* Release */,
			);
			defaultConfigurationIsVisible = 0;
		};
		E184056223B7AB33007B9A4A /* Build configuration list for PBXNativeTarget "Sorting1Tests" */ = {
			isa = XCConfigurationList;
			buildConfigurations = (
				E184056323B7AB33007B9A4A /* Debug */,
				E184056423B7AB33007B9A4A /* Release */,
			);
			defaultConfigurationIsVisible = 0;
		};
		E184056523B7AB33007B9A4A /* Build configuration list for PBXNativeTarget "Sorting1UITests" */ = {
			isa = XCConfigurationList;
			buildConfigurations = (
				E184056623B7AB33007B9A4A /* Debug */,
				E184056723B7AB33007B9A4A /* Release */,
			);
			defaultConfigurationIsVisible = 0;
		};
/* End XCConfigurationList section */
	};
	rootObject = E184052A23B7AB32007B9A4A /* Project object */;
}
